{
  "requires": true,
  "lockfileVersion": 1,
  "dependencies": {
    "tinymce": {
      "version": "4.9.0",
      "resolved": "https://registry.npmjs.org/tinymce/-/tinymce-4.9.0.tgz",
      "integrity": "sha512-hrPeCLXY/sVCo3i64CTW8P5xbDiEI8Uii/vWpcmQWAMhex6GWWd2U+L8WIMj5tKKGdfcIQAJfpfQthc/92bcKw=="
    }
  }
}
